
Microsoft Visual Studio Solution File, Format Version 12.00
# Visual Studio Version 17
VisualStudioVersion = 17.0.31903.59
MinimumVisualStudioVersion = 10.0.40219.1
Project("{2150E333-8FDC-42A3-9474-1A3956D46DE8}") = "src", "src", "{B6753CBB-2061-4E2A-9912-3628F4B9861B}"
EndProject
Project("{FAE04EC0-301F-11D3-BF4B-00C04F79EFBC}") = "Catalog.API", "src\Catalog.API\Catalog.API.csproj", "{A834D8FD-C2F0-470D-B74B-F01F637EBBC3}"
EndProject
Project("{FAE04EC0-301F-11D3-BF4B-00C04F79EFBC}") = "Catalog.Data", "src\Catalog.Data\Catalog.Data.csproj", "{7FB54A45-F94B-493F-8E81-71231ABBDA83}"
EndProject
Project("{FAE04EC0-301F-11D3-BF4B-00C04F79EFBC}") = "Catalog.Data.Manager", "src\Catalog.Data.Manager\Catalog.Data.Manager.csproj", "{48A2CA89-E59C-462A-BF56-DD399E4EC580}"
EndProject
Project("{FAE04EC0-301F-11D3-BF4B-00C04F79EFBC}") = "eShop.AppHost", "src\eShop.AppHost\eShop.AppHost.csproj", "{2FF7315D-8EE2-4749-A685-13D63417CBC9}"
EndProject
Project("{FAE04EC0-301F-11D3-BF4B-00C04F79EFBC}") = "eShop.ServiceDefaults", "src\eShop.ServiceDefaults\eShop.ServiceDefaults.csproj", "{15FBE72D-6F13-4EBA-A335-C7779E75B360}"
EndProject
Project("{FAE04EC0-301F-11D3-BF4B-00C04F79EFBC}") = "WebApp", "src\WebApp\WebApp.csproj", "{B590063F-5783-4568-96F2-70141B450AEE}"
EndProject
Project("{FAE04EC0-301F-11D3-BF4B-00C04F79EFBC}") = "Identity.API", "src\Identity.API\Identity.API.csproj", "{73202025-4E0D-47A0-8E25-8FDB7E9AD2C7}"
EndProject
Project("{FAE04EC0-301F-11D3-BF4B-00C04F79EFBC}") = "Basket.API", "src\Basket.API\Basket.API.csproj", "{7C5CB4B6-93F6-4A66-BA93-248BADE35885}"
EndProject
Project("{FAE04EC0-301F-11D3-BF4B-00C04F79EFBC}") = "Ordering.Data", "src\Ordering.Data\Ordering.Data.csproj", "{EB8B99C7-30C5-4567-AE52-135682CD8026}"
EndProject
Project("{FAE04EC0-301F-11D3-BF4B-00C04F79EFBC}") = "Ordering.Data.Manager", "src\Ordering.Data.Manager\Ordering.Data.Manager.csproj", "{2EB3BC23-2B3F-4B36-87FD-3C7A11FF0766}"
EndProject
Project("{FAE04EC0-301F-11D3-BF4B-00C04F79EFBC}") = "Ordering.API", "src\Ordering.API\Ordering.API.csproj", "{7CD3531D-8C88-4B20-8B15-E19DF00B0139}"
EndProject
Global
	GlobalSection(SolutionConfigurationPlatforms) = preSolution
		Debug|Any CPU = Debug|Any CPU
		Debug|x64 = Debug|x64
		Debug|x86 = Debug|x86
		Release|Any CPU = Release|Any CPU
		Release|x64 = Release|x64
		Release|x86 = Release|x86
	EndGlobalSection
	GlobalSection(ProjectConfigurationPlatforms) = postSolution
		{A834D8FD-C2F0-470D-B74B-F01F637EBBC3}.Debug|Any CPU.ActiveCfg = Debug|Any CPU
		{A834D8FD-C2F0-470D-B74B-F01F637EBBC3}.Debug|Any CPU.Build.0 = Debug|Any CPU
		{A834D8FD-C2F0-470D-B74B-F01F637EBBC3}.Debug|x64.ActiveCfg = Debug|Any CPU
		{A834D8FD-C2F0-470D-B74B-F01F637EBBC3}.Debug|x64.Build.0 = Debug|Any CPU
		{A834D8FD-C2F0-470D-B74B-F01F637EBBC3}.Debug|x86.ActiveCfg = Debug|Any CPU
		{A834D8FD-C2F0-470D-B74B-F01F637EBBC3}.Debug|x86.Build.0 = Debug|Any CPU
		{A834D8FD-C2F0-470D-B74B-F01F637EBBC3}.Release|Any CPU.ActiveCfg = Release|Any CPU
		{A834D8FD-C2F0-470D-B74B-F01F637EBBC3}.Release|Any CPU.Build.0 = Release|Any CPU
		{A834D8FD-C2F0-470D-B74B-F01F637EBBC3}.Release|x64.ActiveCfg = Release|Any CPU
		{A834D8FD-C2F0-470D-B74B-F01F637EBBC3}.Release|x64.Build.0 = Release|Any CPU
		{A834D8FD-C2F0-470D-B74B-F01F637EBBC3}.Release|x86.ActiveCfg = Release|Any CPU
		{A834D8FD-C2F0-470D-B74B-F01F637EBBC3}.Release|x86.Build.0 = Release|Any CPU
		{7FB54A45-F94B-493F-8E81-71231ABBDA83}.Debug|Any CPU.ActiveCfg = Debug|Any CPU
		{7FB54A45-F94B-493F-8E81-71231ABBDA83}.Debug|Any CPU.Build.0 = Debug|Any CPU
		{7FB54A45-F94B-493F-8E81-71231ABBDA83}.Debug|x64.ActiveCfg = Debug|Any CPU
		{7FB54A45-F94B-493F-8E81-71231ABBDA83}.Debug|x64.Build.0 = Debug|Any CPU
		{7FB54A45-F94B-493F-8E81-71231ABBDA83}.Debug|x86.ActiveCfg = Debug|Any CPU
		{7FB54A45-F94B-493F-8E81-71231ABBDA83}.Debug|x86.Build.0 = Debug|Any CPU
		{7FB54A45-F94B-493F-8E81-71231ABBDA83}.Release|Any CPU.ActiveCfg = Release|Any CPU
		{7FB54A45-F94B-493F-8E81-71231ABBDA83}.Release|Any CPU.Build.0 = Release|Any CPU
		{7FB54A45-F94B-493F-8E81-71231ABBDA83}.Release|x64.ActiveCfg = Release|Any CPU
		{7FB54A45-F94B-493F-8E81-71231ABBDA83}.Release|x64.Build.0 = Release|Any CPU
		{7FB54A45-F94B-493F-8E81-71231ABBDA83}.Release|x86.ActiveCfg = Release|Any CPU
		{7FB54A45-F94B-493F-8E81-71231ABBDA83}.Release|x86.Build.0 = Release|Any CPU
		{48A2CA89-E59C-462A-BF56-DD399E4EC580}.Debug|Any CPU.ActiveCfg = Debug|Any CPU
		{48A2CA89-E59C-462A-BF56-DD399E4EC580}.Debug|Any CPU.Build.0 = Debug|Any CPU
		{48A2CA89-E59C-462A-BF56-DD399E4EC580}.Debug|x64.ActiveCfg = Debug|Any CPU
		{48A2CA89-E59C-462A-BF56-DD399E4EC580}.Debug|x64.Build.0 = Debug|Any CPU
		{48A2CA89-E59C-462A-BF56-DD399E4EC580}.Debug|x86.ActiveCfg = Debug|Any CPU
		{48A2CA89-E59C-462A-BF56-DD399E4EC580}.Debug|x86.Build.0 = Debug|Any CPU
		{48A2CA89-E59C-462A-BF56-DD399E4EC580}.Release|Any CPU.ActiveCfg = Release|Any CPU
		{48A2CA89-E59C-462A-BF56-DD399E4EC580}.Release|Any CPU.Build.0 = Release|Any CPU
		{48A2CA89-E59C-462A-BF56-DD399E4EC580}.Release|x64.ActiveCfg = Release|Any CPU
		{48A2CA89-E59C-462A-BF56-DD399E4EC580}.Release|x64.Build.0 = Release|Any CPU
		{48A2CA89-E59C-462A-BF56-DD399E4EC580}.Release|x86.ActiveCfg = Release|Any CPU
		{48A2CA89-E59C-462A-BF56-DD399E4EC580}.Release|x86.Build.0 = Release|Any CPU
		{2FF7315D-8EE2-4749-A685-13D63417CBC9}.Debug|Any CPU.ActiveCfg = Debug|Any CPU
		{2FF7315D-8EE2-4749-A685-13D63417CBC9}.Debug|Any CPU.Build.0 = Debug|Any CPU
		{2FF7315D-8EE2-4749-A685-13D63417CBC9}.Debug|x64.ActiveCfg = Debug|Any CPU
		{2FF7315D-8EE2-4749-A685-13D63417CBC9}.Debug|x64.Build.0 = Debug|Any CPU
		{2FF7315D-8EE2-4749-A685-13D63417CBC9}.Debug|x86.ActiveCfg = Debug|Any CPU
		{2FF7315D-8EE2-4749-A685-13D63417CBC9}.Debug|x86.Build.0 = Debug|Any CPU
		{2FF7315D-8EE2-4749-A685-13D63417CBC9}.Release|Any CPU.ActiveCfg = Release|Any CPU
		{2FF7315D-8EE2-4749-A685-13D63417CBC9}.Release|Any CPU.Build.0 = Release|Any CPU
		{2FF7315D-8EE2-4749-A685-13D63417CBC9}.Release|x64.ActiveCfg = Release|Any CPU
		{2FF7315D-8EE2-4749-A685-13D63417CBC9}.Release|x64.Build.0 = Release|Any CPU
		{2FF7315D-8EE2-4749-A685-13D63417CBC9}.Release|x86.ActiveCfg = Release|Any CPU
		{2FF7315D-8EE2-4749-A685-13D63417CBC9}.Release|x86.Build.0 = Release|Any CPU
		{15FBE72D-6F13-4EBA-A335-C7779E75B360}.Debug|Any CPU.ActiveCfg = Debug|Any CPU
		{15FBE72D-6F13-4EBA-A335-C7779E75B360}.Debug|Any CPU.Build.0 = Debug|Any CPU
		{15FBE72D-6F13-4EBA-A335-C7779E75B360}.Debug|x64.ActiveCfg = Debug|Any CPU
		{15FBE72D-6F13-4EBA-A335-C7779E75B360}.Debug|x64.Build.0 = Debug|Any CPU
		{15FBE72D-6F13-4EBA-A335-C7779E75B360}.Debug|x86.ActiveCfg = Debug|Any CPU
		{15FBE72D-6F13-4EBA-A335-C7779E75B360}.Debug|x86.Build.0 = Debug|Any CPU
		{15FBE72D-6F13-4EBA-A335-C7779E75B360}.Release|Any CPU.ActiveCfg = Release|Any CPU
		{15FBE72D-6F13-4EBA-A335-C7779E75B360}.Release|Any CPU.Build.0 = Release|Any CPU
		{15FBE72D-6F13-4EBA-A335-C7779E75B360}.Release|x64.ActiveCfg = Release|Any CPU
		{15FBE72D-6F13-4EBA-A335-C7779E75B360}.Release|x64.Build.0 = Release|Any CPU
		{15FBE72D-6F13-4EBA-A335-C7779E75B360}.Release|x86.ActiveCfg = Release|Any CPU
		{15FBE72D-6F13-4EBA-A335-C7779E75B360}.Release|x86.Build.0 = Release|Any CPU
		{B590063F-5783-4568-96F2-70141B450AEE}.Debug|Any CPU.ActiveCfg = Debug|Any CPU
		{B590063F-5783-4568-96F2-70141B450AEE}.Debug|Any CPU.Build.0 = Debug|Any CPU
		{B590063F-5783-4568-96F2-70141B450AEE}.Debug|x64.ActiveCfg = Debug|Any CPU
		{B590063F-5783-4568-96F2-70141B450AEE}.Debug|x64.Build.0 = Debug|Any CPU
		{B590063F-5783-4568-96F2-70141B450AEE}.Debug|x86.ActiveCfg = Debug|Any CPU
		{B590063F-5783-4568-96F2-70141B450AEE}.Debug|x86.Build.0 = Debug|Any CPU
		{B590063F-5783-4568-96F2-70141B450AEE}.Release|Any CPU.ActiveCfg = Release|Any CPU
		{B590063F-5783-4568-96F2-70141B450AEE}.Release|Any CPU.Build.0 = Release|Any CPU
		{B590063F-5783-4568-96F2-70141B450AEE}.Release|x64.ActiveCfg = Release|Any CPU
		{B590063F-5783-4568-96F2-70141B450AEE}.Release|x64.Build.0 = Release|Any CPU
		{B590063F-5783-4568-96F2-70141B450AEE}.Release|x86.ActiveCfg = Release|Any CPU
		{B590063F-5783-4568-96F2-70141B450AEE}.Release|x86.Build.0 = Release|Any CPU
		{73202025-4E0D-47A0-8E25-8FDB7E9AD2C7}.Debug|Any CPU.ActiveCfg = Debug|Any CPU
		{73202025-4E0D-47A0-8E25-8FDB7E9AD2C7}.Debug|Any CPU.Build.0 = Debug|Any CPU
		{73202025-4E0D-47A0-8E25-8FDB7E9AD2C7}.Debug|x64.ActiveCfg = Debug|Any CPU
		{73202025-4E0D-47A0-8E25-8FDB7E9AD2C7}.Debug|x64.Build.0 = Debug|Any CPU
		{73202025-4E0D-47A0-8E25-8FDB7E9AD2C7}.Debug|x86.ActiveCfg = Debug|Any CPU
		{73202025-4E0D-47A0-8E25-8FDB7E9AD2C7}.Debug|x86.Build.0 = Debug|Any CPU
		{73202025-4E0D-47A0-8E25-8FDB7E9AD2C7}.Release|Any CPU.ActiveCfg = Release|Any CPU
		{73202025-4E0D-47A0-8E25-8FDB7E9AD2C7}.Release|Any CPU.Build.0 = Release|Any CPU
		{73202025-4E0D-47A0-8E25-8FDB7E9AD2C7}.Release|x64.ActiveCfg = Release|Any CPU
		{73202025-4E0D-47A0-8E25-8FDB7E9AD2C7}.Release|x64.Build.0 = Release|Any CPU
		{73202025-4E0D-47A0-8E25-8FDB7E9AD2C7}.Release|x86.ActiveCfg = Release|Any CPU
		{73202025-4E0D-47A0-8E25-8FDB7E9AD2C7}.Release|x86.Build.0 = Release|Any CPU
		{7C5CB4B6-93F6-4A66-BA93-248BADE35885}.Debug|Any CPU.ActiveCfg = Debug|Any CPU
		{7C5CB4B6-93F6-4A66-BA93-248BADE35885}.Debug|Any CPU.Build.0 = Debug|Any CPU
		{7C5CB4B6-93F6-4A66-BA93-248BADE35885}.Debug|x64.ActiveCfg = Debug|Any CPU
		{7C5CB4B6-93F6-4A66-BA93-248BADE35885}.Debug|x64.Build.0 = Debug|Any CPU
		{7C5CB4B6-93F6-4A66-BA93-248BADE35885}.Debug|x86.ActiveCfg = Debug|Any CPU
		{7C5CB4B6-93F6-4A66-BA93-248BADE35885}.Debug|x86.Build.0 = Debug|Any CPU
		{7C5CB4B6-93F6-4A66-BA93-248BADE35885}.Release|Any CPU.ActiveCfg = Release|Any CPU
		{7C5CB4B6-93F6-4A66-BA93-248BADE35885}.Release|Any CPU.Build.0 = Release|Any CPU
		{7C5CB4B6-93F6-4A66-BA93-248BADE35885}.Release|x64.ActiveCfg = Release|Any CPU
		{7C5CB4B6-93F6-4A66-BA93-248BADE35885}.Release|x64.Build.0 = Release|Any CPU
		{7C5CB4B6-93F6-4A66-BA93-248BADE35885}.Release|x86.ActiveCfg = Release|Any CPU
		{7C5CB4B6-93F6-4A66-BA93-248BADE35885}.Release|x86.Build.0 = Release|Any CPU
		{EB8B99C7-30C5-4567-AE52-135682CD8026}.Debug|Any CPU.ActiveCfg = Debug|Any CPU
		{EB8B99C7-30C5-4567-AE52-135682CD8026}.Debug|Any CPU.Build.0 = Debug|Any CPU
		{EB8B99C7-30C5-4567-AE52-135682CD8026}.Debug|x64.ActiveCfg = Debug|Any CPU
		{EB8B99C7-30C5-4567-AE52-135682CD8026}.Debug|x64.Build.0 = Debug|Any CPU
		{EB8B99C7-30C5-4567-AE52-135682CD8026}.Debug|x86.ActiveCfg = Debug|Any CPU
		{EB8B99C7-30C5-4567-AE52-135682CD8026}.Debug|x86.Build.0 = Debug|Any CPU
		{EB8B99C7-30C5-4567-AE52-135682CD8026}.Release|Any CPU.ActiveCfg = Release|Any CPU
		{EB8B99C7-30C5-4567-AE52-135682CD8026}.Release|Any CPU.Build.0 = Release|Any CPU
		{EB8B99C7-30C5-4567-AE52-135682CD8026}.Release|x64.ActiveCfg = Release|Any CPU
		{EB8B99C7-30C5-4567-AE52-135682CD8026}.Release|x64.Build.0 = Release|Any CPU
		{EB8B99C7-30C5-4567-AE52-135682CD8026}.Release|x86.ActiveCfg = Release|Any CPU
		{EB8B99C7-30C5-4567-AE52-135682CD8026}.Release|x86.Build.0 = Release|Any CPU
		{2EB3BC23-2B3F-4B36-87FD-3C7A11FF0766}.Debug|Any CPU.ActiveCfg = Debug|Any CPU
		{2EB3BC23-2B3F-4B36-87FD-3C7A11FF0766}.Debug|Any CPU.Build.0 = Debug|Any CPU
		{2EB3BC23-2B3F-4B36-87FD-3C7A11FF0766}.Debug|x64.ActiveCfg = Debug|Any CPU
		{2EB3BC23-2B3F-4B36-87FD-3C7A11FF0766}.Debug|x64.Build.0 = Debug|Any CPU
		{2EB3BC23-2B3F-4B36-87FD-3C7A11FF0766}.Debug|x86.ActiveCfg = Debug|Any CPU
		{2EB3BC23-2B3F-4B36-87FD-3C7A11FF0766}.Debug|x86.Build.0 = Debug|Any CPU
		{2EB3BC23-2B3F-4B36-87FD-3C7A11FF0766}.Release|Any CPU.ActiveCfg = Release|Any CPU
		{2EB3BC23-2B3F-4B36-87FD-3C7A11FF0766}.Release|Any CPU.Build.0 = Release|Any CPU
		{2EB3BC23-2B3F-4B36-87FD-3C7A11FF0766}.Release|x64.ActiveCfg = Release|Any CPU
		{2EB3BC23-2B3F-4B36-87FD-3C7A11FF0766}.Release|x64.Build.0 = Release|Any CPU
		{2EB3BC23-2B3F-4B36-87FD-3C7A11FF0766}.Release|x86.ActiveCfg = Release|Any CPU
		{2EB3BC23-2B3F-4B36-87FD-3C7A11FF0766}.Release|x86.Build.0 = Release|Any CPU
		{7CD3531D-8C88-4B20-8B15-E19DF00B0139}.Debug|Any CPU.ActiveCfg = Debug|Any CPU
		{7CD3531D-8C88-4B20-8B15-E19DF00B0139}.Debug|Any CPU.Build.0 = Debug|Any CPU
		{7CD3531D-8C88-4B20-8B15-E19DF00B0139}.Debug|x64.ActiveCfg = Debug|Any CPU
		{7CD3531D-8C88-4B20-8B15-E19DF00B0139}.Debug|x64.Build.0 = Debug|Any CPU
		{7CD3531D-8C88-4B20-8B15-E19DF00B0139}.Debug|x86.ActiveCfg = Debug|Any CPU
		{7CD3531D-8C88-4B20-8B15-E19DF00B0139}.Debug|x86.Build.0 = Debug|Any CPU
		{7CD3531D-8C88-4B20-8B15-E19DF00B0139}.Release|Any CPU.ActiveCfg = Release|Any CPU
		{7CD3531D-8C88-4B20-8B15-E19DF00B0139}.Release|Any CPU.Build.0 = Release|Any CPU
		{7CD3531D-8C88-4B20-8B15-E19DF00B0139}.Release|x64.ActiveCfg = Release|Any CPU
		{7CD3531D-8C88-4B20-8B15-E19DF00B0139}.Release|x64.Build.0 = Release|Any CPU
		{7CD3531D-8C88-4B20-8B15-E19DF00B0139}.Release|x86.ActiveCfg = Release|Any CPU
		{7CD3531D-8C88-4B20-8B15-E19DF00B0139}.Release|x86.Build.0 = Release|Any CPU
	EndGlobalSection
	GlobalSection(SolutionProperties) = preSolution
		HideSolutionNode = FALSE
	EndGlobalSection
	GlobalSection(NestedProjects) = preSolution
		{A834D8FD-C2F0-470D-B74B-F01F637EBBC3} = {B6753CBB-2061-4E2A-9912-3628F4B9861B}
		{7FB54A45-F94B-493F-8E81-71231ABBDA83} = {B6753CBB-2061-4E2A-9912-3628F4B9861B}
		{48A2CA89-E59C-462A-BF56-DD399E4EC580} = {B6753CBB-2061-4E2A-9912-3628F4B9861B}
		{2FF7315D-8EE2-4749-A685-13D63417CBC9} = {B6753CBB-2061-4E2A-9912-3628F4B9861B}
		{15FBE72D-6F13-4EBA-A335-C7779E75B360} = {B6753CBB-2061-4E2A-9912-3628F4B9861B}
		{B590063F-5783-4568-96F2-70141B450AEE} = {B6753CBB-2061-4E2A-9912-3628F4B9861B}
		{73202025-4E0D-47A0-8E25-8FDB7E9AD2C7} = {B6753CBB-2061-4E2A-9912-3628F4B9861B}
		{7C5CB4B6-93F6-4A66-BA93-248BADE35885} = {B6753CBB-2061-4E2A-9912-3628F4B9861B}
		{EB8B99C7-30C5-4567-AE52-135682CD8026} = {B6753CBB-2061-4E2A-9912-3628F4B9861B}
		{2EB3BC23-2B3F-4B36-87FD-3C7A11FF0766} = {B6753CBB-2061-4E2A-9912-3628F4B9861B}
		{7CD3531D-8C88-4B20-8B15-E19DF00B0139} = {B6753CBB-2061-4E2A-9912-3628F4B9861B}
	EndGlobalSection
EndGlobal
